// !$*UTF8*$!
{
	archiveVersion = 1;
	classes = {
	};
	objectVersion = 50;
	objects = {

/* Begin PBXBuildFile section */
		A544CC872369E15500799EEE /* Patterns.storyboard in Resources */ = {isa = PBXBuildFile; fileRef = A544CC862369E15500799EEE /* Patterns.storyboard */; };
		A5CAD7D22361FD7E00670B11 /* LabMenu.m in Sources */ = {isa = PBXBuildFile; fileRef = A5CAD7D12361FD7E00670B11 /* LabMenu.m */; };
		A5D9BAF023562ACB005B3D37 /* AppDelegate.m in Sources */ = {isa = PBXBuildFile; fileRef = A5D9BAEF23562ACB005B3D37 /* AppDelegate.m */; };
		A5D9BAF323562ACB005B3D37 /* ViewController.m in Sources */ = {isa = PBXBuildFile; fileRef = A5D9BAF223562ACB005B3D37 /* ViewController.m */; };
		A5D9BAF623562ACB005B3D37 /* Calculator.storyboard in Resources */ = {isa = PBXBuildFile; fileRef = A5D9BAF423562ACB005B3D37 /* Calculator.storyboard */; };
		A5D9BAF823562ACD005B3D37 /* Assets.xcassets in Resources */ = {isa = PBXBuildFile; fileRef = A5D9BAF723562ACD005B3D37 /* Assets.xcassets */; };
		A5D9BAFB23562ACD005B3D37 /* LaunchScreen.storyboard in Resources */ = {isa = PBXBuildFile; fileRef = A5D9BAF923562ACD005B3D37 /* LaunchScreen.storyboard */; };
		A5D9BAFE23562ACD005B3D37 /* main.m in Sources */ = {isa = PBXBuildFile; fileRef = A5D9BAFD23562ACD005B3D37 /* main.m */; };
		A5E58827236353C400D53A24 /* Pythagorean.storyboard in Resources */ = {isa = PBXBuildFile; fileRef = A5E58826236353C400D53A24 /* Pythagorean.storyboard */; };
		A5E58829236353FD00D53A24 /* Main.storyboard in Resources */ = {isa = PBXBuildFile; fileRef = A5E58828236353FD00D53A24 /* Main.storyboard */; };
		BF768A52236B34EB00FE05EC /* datatypes.storyboard in Resources */ = {isa = PBXBuildFile; fileRef = BF768A51236B34EB00FE05EC /* datatypes.storyboard */; };
		BF89C3762369EB7E00FBF9DF /* clock.storyboard in Resources */ = {isa = PBXBuildFile; fileRef = BF89C3782369EB7E00FBF9DF /* clock.storyboard */; };
		BFBF2B30237085E5000FBCD6 /* rectangle.storyboard in Resources */ = {isa = PBXBuildFile; fileRef = BFBF2B2F237085E5000FBCD6 /* rectangle.storyboard */; };
/* End PBXBuildFile section */

/* Begin PBXFileReference section */
		A544CC862369E15500799EEE /* Patterns.storyboard */ = {isa = PBXFileReference; lastKnownFileType = file.storyboard; path = Patterns.storyboard; sourceTree = "<group>"; };
		A5CAD7D12361FD7E00670B11 /* LabMenu.m */ = {isa = PBXFileReference; lastKnownFileType = sourcecode.c.objc; path = LabMenu.m; sourceTree = "<group>"; };
		A5D9BAEB23562ACB005B3D37 /* Calculator.app */ = {isa = PBXFileReference; explicitFileType = wrapper.application; includeInIndex = 0; path = Calculator.app; sourceTree = BUILT_PRODUCTS_DIR; };
		A5D9BAEE23562ACB005B3D37 /* AppDelegate.h */ = {isa = PBXFileReference; lastKnownFileType = sourcecode.c.h; path = AppDelegate.h; sourceTree = "<group>"; };
		A5D9BAEF23562ACB005B3D37 /* AppDelegate.m */ = {isa = PBXFileReference; lastKnownFileType = sourcecode.c.objc; path = AppDelegate.m; sourceTree = "<group>"; };
		A5D9BAF123562ACB005B3D37 /* ViewController.h */ = {isa = PBXFileReference; lastKnownFileType = sourcecode.c.h; path = ViewController.h; sourceTree = "<group>"; };
		A5D9BAF223562ACB005B3D37 /* ViewController.m */ = {isa = PBXFileReference; lastKnownFileType = sourcecode.c.objc; path = ViewController.m; sourceTree = "<group>"; };
		A5D9BAF523562ACB005B3D37 /* Base */ = {isa = PBXFileReference; lastKnownFileType = file.storyboard; name = Base; path = Base.lproj/Calculator.storyboard; sourceTree = "<group>"; };
		A5D9BAF723562ACD005B3D37 /* Assets.xcassets */ = {isa = PBXFileReference; lastKnownFileType = folder.assetcatalog; path = Assets.xcassets; sourceTree = "<group>"; };
		A5D9BAFA23562ACD005B3D37 /* Base */ = {isa = PBXFileReference; lastKnownFileType = file.storyboard; name = Base; path = Base.lproj/LaunchScreen.storyboard; sourceTree = "<group>"; };
		A5D9BAFC23562ACD005B3D37 /* Info.plist */ = {isa = PBXFileReference; lastKnownFileType = text.plist.xml; path = Info.plist; sourceTree = "<group>"; };
		A5D9BAFD23562ACD005B3D37 /* main.m */ = {isa = PBXFileReference; lastKnownFileType = sourcecode.c.objc; path = main.m; sourceTree = "<group>"; };
		A5E58826236353C400D53A24 /* Pythagorean.storyboard */ = {isa = PBXFileReference; lastKnownFileType = file.storyboard; path = Pythagorean.storyboard; sourceTree = "<group>"; };
		A5E58828236353FD00D53A24 /* Main.storyboard */ = {isa = PBXFileReference; lastKnownFileType = file.storyboard; path = Main.storyboard; sourceTree = "<group>"; };
		BF768A51236B34EB00FE05EC /* datatypes.storyboard */ = {isa = PBXFileReference; lastKnownFileType = file.storyboard; path = datatypes.storyboard; sourceTree = "<group>"; };
		BF89C3772369EB7E00FBF9DF /* Base */ = {isa = PBXFileReference; lastKnownFileType = file.storyboard; name = Base; path = Base.lproj/clock.storyboard; sourceTree = "<group>"; };
		BFBF2B2F237085E5000FBCD6 /* rectangle.storyboard */ = {isa = PBXFileReference; lastKnownFileType = file.storyboard; path = rectangle.storyboard; sourceTree = "<group>"; };
/* End PBXFileReference section */

/* Begin PBXFrameworksBuildPhase section */
		A5D9BAE823562ACB005B3D37 /* Frameworks */ = {
			isa = PBXFrameworksBuildPhase;
			buildActionMask = 2147483647;
			files = (
			);
			runOnlyForDeploymentPostprocessing = 0;
		};
/* End PBXFrameworksBuildPhase section */

/* Begin PBXGroup section */
		A5D9BAE223562ACB005B3D37 = {
			isa = PBXGroup;
			children = (
				A5CAD7D12361FD7E00670B11 /* LabMenu.m */,
				A5D9BB0923562CF9005B3D37 /* Viewcontrollers */,
				A5D9BB0823562CF0005B3D37 /* Models */,
				A5D9BB0723562CE1005B3D37 /* Views */,
				A5D9BAED23562ACB005B3D37 /* Calculator */,
				A5D9BAEC23562ACB005B3D37 /* Products */,
			);
			sourceTree = "<group>";
		};
		A5D9BAEC23562ACB005B3D37 /* Products */ = {
			isa = PBXGroup;
			children = (
				A5D9BAEB23562ACB005B3D37 /* Calculator.app */,
			);
			name = Products;
			sourceTree = "<group>";
		};
		A5D9BAED23562ACB005B3D37 /* Calculator */ = {
			isa = PBXGroup;
			children = (
				A5D9BAF723562ACD005B3D37 /* Assets.xcassets */,
				A5D9BAFC23562ACD005B3D37 /* Info.plist */,
				A5D9BAFD23562ACD005B3D37 /* main.m */,
			);
			path = Calculator;
			sourceTree = "<group>";
		};
		A5D9BB0723562CE1005B3D37 /* Views */ = {
			isa = PBXGroup;
			children = (
				A544CC862369E15500799EEE /* Patterns.storyboard */,
				BF89C3782369EB7E00FBF9DF /* clock.storyboard */,
				BFBF2B2F237085E5000FBCD6 /* rectangle.storyboard */,
				A5D9BAF423562ACB005B3D37 /* Calculator.storyboard */,
				BF768A51236B34EB00FE05EC /* datatypes.storyboard */,
				A5E58828236353FD00D53A24 /* Main.storyboard */,
				A5E58826236353C400D53A24 /* Pythagorean.storyboard */,
				A5D9BAF923562ACD005B3D37 /* LaunchScreen.storyboard */,
			);
			path = Views;
			sourceTree = "<group>";
		};
		A5D9BB0823562CF0005B3D37 /* Models */ = {
			isa = PBXGroup;
			children = (
				A5D9BAEE23562ACB005B3D37 /* AppDelegate.h */,
				A5D9BAEF23562ACB005B3D37 /* AppDelegate.m */,
			);
			path = Models;
			sourceTree = "<group>";
		};
		A5D9BB0923562CF9005B3D37 /* Viewcontrollers */ = {
			isa = PBXGroup;
			children = (
				A5D9BAF123562ACB005B3D37 /* ViewController.h */,
				A5D9BAF223562ACB005B3D37 /* ViewController.m */,
			);
			path = Viewcontrollers;
			sourceTree = "<group>";
		};
/* End PBXGroup section */

/* Begin PBXNativeTarget section */
		A5D9BAEA23562ACB005B3D37 /* Calculator */ = {
			isa = PBXNativeTarget;
			buildConfigurationList = A5D9BB0123562ACD005B3D37 /* Build configuration list for PBXNativeTarget "Calculator" */;
			buildPhases = (
				A5D9BAE723562ACB005B3D37 /* Sources */,
				A5D9BAE823562ACB005B3D37 /* Frameworks */,
				A5D9BAE923562ACB005B3D37 /* Resources */,
			);
			buildRules = (
			);
			dependencies = (
			);
			name = Calculator;
			productName = Calculator;
			productReference = A5D9BAEB23562ACB005B3D37 /* Calculator.app */;
			productType = "com.apple.product-type.application";
		};
/* End PBXNativeTarget section */

/* Begin PBXProject section */
		A5D9BAE323562ACB005B3D37 /* Project object */ = {
			isa = PBXProject;
			attributes = {
				LastUpgradeCheck = 1030;
				ORGANIZATIONNAME = "Sutherland, Zachary";
				TargetAttributes = {
					A5D9BAEA23562ACB005B3D37 = {
						CreatedOnToolsVersion = 10.3;
					};
				};
			};
			buildConfigurationList = A5D9BAE623562ACB005B3D37 /* Build configuration list for PBXProject "Calculator" */;
			compatibilityVersion = "Xcode 9.3";
			developmentRegion = en;
			hasScannedForEncodings = 0;
			knownRegions = (
				en,
				Base,
			);
			mainGroup = A5D9BAE223562ACB005B3D37;
			productRefGroup = A5D9BAEC23562ACB005B3D37 /* Products */;
			projectDirPath = "";
			projectRoot = "";
			targets = (
				A5D9BAEA23562ACB005B3D37 /* Calculator */,
			);
		};
/* End PBXProject section */

/* Begin PBXResourcesBuildPhase section */
		A5D9BAE923562ACB005B3D37 /* Resources */ = {
			isa = PBXResourcesBuildPhase;
			buildActionMask = 2147483647;
			files = (
				A5D9BAFB23562ACD005B3D37 /* LaunchScreen.storyboard in Resources */,
				A5E58829236353FD00D53A24 /* Main.storyboard in Resources */,
				BFBF2B30237085E5000FBCD6 /* rectangle.storyboard in Resources */,
				A5D9BAF823562ACD005B3D37 /* Assets.xcassets in Resources */,
				A544CC872369E15500799EEE /* Patterns.storyboard in Resources */,
				A5D9BAF623562ACB005B3D37 /* Calculator.storyboard in Resources */,
				BF768A52236B34EB00FE05EC /* datatypes.storyboard in Resources */,
				BF89C3762369EB7E00FBF9DF /* clock.storyboard in Resources */,
				A5E58827236353C400D53A24 /* Pythagorean.storyboard in Resources */,
			);
			runOnlyForDeploymentPostprocessing = 0;
		};
/* End PBXResourcesBuildPhase section */

/* Begin PBXSourcesBuildPhase section */
		A5D9BAE723562ACB005B3D37 /* Sources */ = {
			isa = PBXSourcesBuildPhase;
			buildActionMask = 2147483647;
			files = (
				A5CAD7D22361FD7E00670B11 /* LabMenu.m in Sources */,
				A5D9BAF323562ACB005B3D37 /* ViewController.m in Sources */,
				A5D9BAFE23562ACD005B3D37 /* main.m in Sources */,
				A5D9BAF023562ACB005B3D37 /* AppDelegate.m in Sources */,
			);
			runOnlyForDeploymentPostprocessing = 0;
		};
/* End PBXSourcesBuildPhase section */

/* Begin PBXVariantGroup section */
		A5D9BAF423562ACB005B3D37 /* Calculator.storyboard */ = {
			isa = PBXVariantGroup;
			children = (
				A5D9BAF523562ACB005B3D37 /* Base */,
			);
			name = Calculator.storyboard;
			sourceTree = "<group>";
		};
		A5D9BAF923562ACD005B3D37 /* LaunchScreen.storyboard */ = {
			isa = PBXVariantGroup;
			children = (
				A5D9BAFA23562ACD005B3D37 /* Base */,
			);
			name = LaunchScreen.storyboard;
			sourceTree = "<group>";
		};
		BF89C3782369EB7E00FBF9DF /* clock.storyboard */ = {
			isa = PBXVariantGroup;
			children = (
				BF89C3772369EB7E00FBF9DF /* Base */,
			);
			name = clock.storyboard;
			sourceTree = "<group>";
		};
/* End PBXVariantGroup section */

/* Begin XCBuildConfiguration section */
		A5D9BAFF23562ACD005B3D37 /* Debug */ = {
			isa = XCBuildConfiguration;
			buildSettings = {
				ALWAYS_SEARCH_USER_PATHS = NO;
				CLANG_ANALYZER_NONNULL = YES;
				CLANG_ANALYZER_NUMBER_OBJECT_CONVERSION = YES_AGGRESSIVE;
				CLANG_CXX_LANGUAGE_STANDARD = "gnu++14";
				CLANG_CXX_LIBRARY = "libc++";
				CLANG_ENABLE_MODULES = YES;
				CLANG_ENABLE_OBJC_ARC = YES;
				CLANG_ENABLE_OBJC_WEAK = YES;
				CLANG_WARN_BLOCK_CAPTURE_AUTORELEASING = YES;
				CLANG_WARN_BOOL_CONVERSION = YES;
				CLANG_WARN_COMMA = YES;
				CLANG_WARN_CONSTANT_CONVERSION = YES;
				CLANG_WARN_DEPRECATED_OBJC_IMPLEMENTATIONS = YES;
				CLANG_WARN_DIRECT_OBJC_ISA_USAGE = YES_ERROR;
				CLANG_WARN_DOCUMENTATION_COMMENTS = YES;
				CLANG_WARN_EMPTY_BODY = YES;
				CLANG_WARN_ENUM_CONVERSION = YES;
				CLANG_WARN_INFINITE_RECURSION = YES;
				CLANG_WARN_INT_CONVERSION = YES;
				CLANG_WARN_NON_LITERAL_NULL_CONVERSION = YES;
				CLANG_WARN_OBJC_IMPLICIT_RETAIN_SELF = YES;
				CLANG_WARN_OBJC_LITERAL_CONVERSION = YES;
				CLANG_WARN_OBJC_ROOT_CLASS = YES_ERROR;
				CLANG_WARN_RANGE_LOOP_ANALYSIS = YES;
				CLANG_WARN_STRICT_PROTOTYPES = YES;
				CLANG_WARN_SUSPICIOUS_MOVE = YES;
				CLANG_WARN_UNGUARDED_AVAILABILITY = YES_AGGRESSIVE;
				CLANG_WARN_UNREACHABLE_CODE = YES;
				CLANG_WARN__DUPLICATE_METHOD_MATCH = YES;
				CODE_SIGN_IDENTITY = "iPhone Developer";
				COPY_PHASE_STRIP = NO;
				DEBUG_INFORMATION_FORMAT = dwarf;
				ENABLE_STRICT_OBJC_MSGSEND = YES;
				ENABLE_TESTABILITY = YES;
				GCC_C_LANGUAGE_STANDARD = gnu11;
				GCC_DYNAMIC_NO_PIC = NO;
				GCC_NO_COMMON_BLOCKS = YES;
				GCC_OPTIMIZATION_LEVEL = 0;
				GCC_PREPROCESSOR_DEFINITIONS = (
					"DEBUG=1",
					"$(inherited)",
				);
				GCC_WARN_64_TO_32_BIT_CONVERSION = YES;
				GCC_WARN_ABOUT_RETURN_TYPE = YES_ERROR;
				GCC_WARN_UNDECLARED_SELECTOR = YES;
				GCC_WARN_UNINITIALIZED_AUTOS = YES_AGGRESSIVE;
				GCC_WARN_UNUSED_FUNCTION = YES;
				GCC_WARN_UNUSED_VARIABLE = YES;
				IPHONEOS_DEPLOYMENT_TARGET = 12.4;
				MTL_ENABLE_DEBUG_INFO = INCLUDE_SOURCE;
				MTL_FAST_MATH = YES;
				ONLY_ACTIVE_ARCH = YES;
				SDKROOT = iphoneos;
			};
			name = Debug;
		};
		A5D9BB0023562ACD005B3D37 /* Release */ = {
			isa = XCBuildConfiguration;
			buildSettings = {
				ALWAYS_SEARCH_USER_PATHS = NO;
				CLANG_ANALYZER_NONNULL = YES;
				CLANG_ANALYZER_NUMBER_OBJECT_CONVERSION = YES_AGGRESSIVE;
				CLANG_CXX_LANGUAGE_STANDARD = "gnu++14";
				CLANG_CXX_LIBRARY = "libc++";
				CLANG_ENABLE_MODULES = YES;
				CLANG_ENABLE_OBJC_ARC = YES;
				CLANG_ENABLE_OBJC_WEAK = YES;
				CLANG_WARN_BLOCK_CAPTURE_AUTORELEASING = YES;
				CLANG_WARN_BOOL_CONVERSION = YES;
				CLANG_WARN_COMMA = YES;
				CLANG_WARN_CONSTANT_CONVERSION = YES;
				CLANG_WARN_DEPRECATED_OBJC_IMPLEMENTATIONS = YES;
				CLANG_WARN_DIRECT_OBJC_ISA_USAGE = YES_ERROR;
				CLANG_WARN_DOCUMENTATION_COMMENTS = YES;
				CLANG_WARN_EMPTY_BODY = YES;
				CLANG_WARN_ENUM_CONVERSION = YES;
				CLANG_WARN_INFINITE_RECURSION = YES;
				CLANG_WARN_INT_CONVERSION = YES;
				CLANG_WARN_NON_LITERAL_NULL_CONVERSION = YES;
				CLANG_WARN_OBJC_IMPLICIT_RETAIN_SELF = YES;
				CLANG_WARN_OBJC_LITERAL_CONVERSION = YES;
				CLANG_WARN_OBJC_ROOT_CLASS = YES_ERROR;
				CLANG_WARN_RANGE_LOOP_ANALYSIS = YES;
				CLANG_WARN_STRICT_PROTOTYPES = YES;
				CLANG_WARN_SUSPICIOUS_MOVE = YES;
				CLANG_WARN_UNGUARDED_AVAILABILITY = YES_AGGRESSIVE;
				CLANG_WARN_UNREACHABLE_CODE = YES;
				CLANG_WARN__DUPLICATE_METHOD_MATCH = YES;
				CODE_SIGN_IDENTITY = "iPhone Developer";
				COPY_PHASE_STRIP = NO;
				DEBUG_INFORMATION_FORMAT = "dwarf-with-dsym";
				ENABLE_NS_ASSERTIONS = NO;
				ENABLE_STRICT_OBJC_MSGSEND = YES;
				GCC_C_LANGUAGE_STANDARD = gnu11;
				GCC_NO_COMMON_BLOCKS = YES;
				GCC_WARN_64_TO_32_BIT_CONVERSION = YES;
				GCC_WARN_ABOUT_RETURN_TYPE = YES_ERROR;
				GCC_WARN_UNDECLARED_SELECTOR = YES;
				GCC_WARN_UNINITIALIZED_AUTOS = YES_AGGRESSIVE;
				GCC_WARN_UNUSED_FUNCTION = YES;
				GCC_WARN_UNUSED_VARIABLE = YES;
				IPHONEOS_DEPLOYMENT_TARGET = 12.4;
				MTL_ENABLE_DEBUG_INFO = NO;
				MTL_FAST_MATH = YES;
				SDKROOT = iphoneos;
				VALIDATE_PRODUCT = YES;
			};
			name = Release;
		};
		A5D9BB0223562ACD005B3D37 /* Debug */ = {
			isa = XCBuildConfiguration;
			buildSettings = {
				ASSETCATALOG_COMPILER_APPICON_NAME = AppIcon;
				CODE_SIGN_STYLE = Automatic;
				INFOPLIST_FILE = Calculator/Info.plist;
				LD_RUNPATH_SEARCH_PATHS = (
					"$(inherited)",
					"@executable_path/Frameworks",
				);
				PRODUCT_BUNDLE_IDENTIFIER = ZS.Calculator;
				PRODUCT_NAME = "$(TARGET_NAME)";
				TARGETED_DEVICE_FAMILY = "1,2";
			};
			name = Debug;
		};
		A5D9BB0323562ACD005B3D37 /* Release */ = {
			isa = XCBuildConfiguration;
			buildSettings = {
				ASSETCATALOG_COMPILER_APPICON_NAME = AppIcon;
				CODE_SIGN_STYLE = Automatic;
				INFOPLIST_FILE = Calculator/Info.plist;
				LD_RUNPATH_SEARCH_PATHS = (
					"$(inherited)",
					"@executable_path/Frameworks",
				);
				PRODUCT_BUNDLE_IDENTIFIER = ZS.Calculator;
				PRODUCT_NAME = "$(TARGET_NAME)";
				TARGETED_DEVICE_FAMILY = "1,2";
			};
			name = Release;
		};
/* End XCBuildConfiguration section */

/* Begin XCConfigurationList section */
		A5D9BAE623562ACB005B3D37 /* Build configuration list for PBXProject "Calculator" */ = {
			isa = XCConfigurationList;
			buildConfigurations = (
				A5D9BAFF23562ACD005B3D37 /* Debug */,
				A5D9BB0023562ACD005B3D37 /* Release */,
			);
			defaultConfigurationIsVisible = 0;
			defaultConfigurationName = Release;
		};
		A5D9BB0123562ACD005B3D37 /* Build configuration list for PBXNativeTarget "Calculator" */ = {
			isa = XCConfigurationList;
			buildConfigurations = (
				A5D9BB0223562ACD005B3D37 /* Debug */,
				A5D9BB0323562ACD005B3D37 /* Release */,
			);
			defaultConfigurationIsVisible = 0;
			defaultConfigurationName = Release;
		};
/* End XCConfigurationList section */
	};
	rootObject = A5D9BAE323562ACB005B3D37 /* Project object */;
}
